
Microsoft Visual Studio Solution File, Format Version 12.00
# Visual Studio Version 17
VisualStudioVersion = 17.5.002.0
MinimumVisualStudioVersion = 10.0.40219.1
Project("{9A19103F-16F7-4668-BE54-9A1E7A4F7556}") = "25-03-2024", "25-03-2024.csproj", "{E51B007E-21C4-49A0-9D0B-0B39E4715C7B}"
EndProject
Global
	GlobalSection(SolutionConfigurationPlatforms) = preSolution
		Debug|Any CPU = Debug|Any CPU
		Release|Any CPU = Release|Any CPU
	EndGlobalSection
	GlobalSection(ProjectConfigurationPlatforms) = postSolution
		{E51B007E-21C4-49A0-9D0B-0B39E4715C7B}.Debug|Any CPU.ActiveCfg = Debug|Any CPU
		{E51B007E-21C4-49A0-9D0B-0B39E4715C7B}.Debug|Any CPU.Build.0 = Debug|Any CPU
		{E51B007E-21C4-49A0-9D0B-0B39E4715C7B}.Release|Any CPU.ActiveCfg = Release|Any CPU
		{E51B007E-21C4-49A0-9D0B-0B39E4715C7B}.Release|Any CPU.Build.0 = Release|Any CPU
	EndGlobalSection
	GlobalSection(SolutionProperties) = preSolution
		HideSolutionNode = FALSE
	EndGlobalSection
	GlobalSection(ExtensibilityGlobals) = postSolution
		SolutionGuid = {1E2A10A4-0938-42E5-959E-0BE5F955E0FB}
	EndGlobalSection
EndGlobal
